PODS:
  - Alamofire (5.0.4)
  - AlamofireImage (4.0.3):
    - Alamofire (< 6.0.0, >= 5.0.2)

DEPENDENCIES:
  - Alamofire (~> 5.0)
  - AlamofireImage (~> 4.0)

SPEC REPOS:
  trunk:
    - Alamofire
    - AlamofireImage

SPEC CHECKSUMS:
  Alamofire: 0fe5fd24b4298dc377a6550da7d5f1b30e286fcb
  AlamofireImage: 3d1a2010519e58675318735580eb856e88840ff7

PODFILE CHECKSUM: 4e2e6232c1575b705e7e7704241d22434350632c

COCOAPODS: 1.9.1
